
Microsoft Visual Studio Solution File, Format Version 12.00
# Visual Studio Version 17
VisualStudioVersion = 17.7.34221.43
MinimumVisualStudioVersion = 10.0.40219.1
Project("{FAE04EC0-301F-11D3-BF4B-00C04F79EFBC}") = "SQL_SERVER", "SQL_SERVER\SQL_SERVER.csproj", "{BDCADDA2-B451-488C-BDB2-E87D8E3A10F7}"
EndProject
Global
	GlobalSection(SolutionConfigurationPlatforms) = preSolution
		Debug|Any CPU = Debug|Any CPU
		Release|Any CPU = Release|Any CPU
	EndGlobalSection
	GlobalSection(ProjectConfigurationPlatforms) = postSolution
		{BDCADDA2-B451-488C-BDB2-E87D8E3A10F7}.Debug|Any CPU.ActiveCfg = Debug|Any CPU
		{BDCADDA2-B451-488C-BDB2-E87D8E3A10F7}.Debug|Any CPU.Build.0 = Debug|Any CPU
		{BDCADDA2-B451-488C-BDB2-E87D8E3A10F7}.Release|Any CPU.ActiveCfg = Release|Any CPU
		{BDCADDA2-B451-488C-BDB2-E87D8E3A10F7}.Release|Any CPU.Build.0 = Release|Any CPU
	EndGlobalSection
	GlobalSection(SolutionProperties) = preSolution
		HideSolutionNode = FALSE
	EndGlobalSection
	GlobalSection(ExtensibilityGlobals) = postSolution
		SolutionGuid = {7CB08A01-EDBF-4F1B-AA75-B46D9E3D6C6B}
	EndGlobalSection
EndGlobal
